// !$*UTF8*$!
{
	archiveVersion = 1;
	classes = {
	};
	objectVersion = 55;
	objects = {

/* Begin PBXBuildFile section */
		D078D1C8285FCB880019C4F0 /* AppDelegate.swift in Sources */ = {isa = PBXBuildFile; fileRef = D078D1C7285FCB880019C4F0 /* AppDelegate.swift */; };
		D078D1CA285FCB880019C4F0 /* SceneDelegate.swift in Sources */ = {isa = PBXBuildFile; fileRef = D078D1C9285FCB880019C4F0 /* SceneDelegate.swift */; };
		D078D1CC285FCB880019C4F0 /* GoalsViewController.swift in Sources */ = {isa = PBXBuildFile; fileRef = D078D1CB285FCB880019C4F0 /* GoalsViewController.swift */; };
		D078D1CF285FCB880019C4F0 /* Main.storyboard in Resources */ = {isa = PBXBuildFile; fileRef = D078D1CD285FCB880019C4F0 /* Main.storyboard */; };
		D078D1D2285FCB880019C4F0 /* your_goals.xcdatamodeld in Sources */ = {isa = PBXBuildFile; fileRef = D078D1D0285FCB880019C4F0 /* your_goals.xcdatamodeld */; };
		D078D1D4285FCB890019C4F0 /* Assets.xcassets in Resources */ = {isa = PBXBuildFile; fileRef = D078D1D3285FCB890019C4F0 /* Assets.xcassets */; };
		D078D1D7285FCB890019C4F0 /* LaunchScreen.storyboard in Resources */ = {isa = PBXBuildFile; fileRef = D078D1D5285FCB890019C4F0 /* LaunchScreen.storyboard */; };
		D078D1E2285FCB890019C4F0 /* your_goalsTests.swift in Sources */ = {isa = PBXBuildFile; fileRef = D078D1E1285FCB890019C4F0 /* your_goalsTests.swift */; };
		D078D1EC285FCB890019C4F0 /* your_goalsUITests.swift in Sources */ = {isa = PBXBuildFile; fileRef = D078D1EB285FCB890019C4F0 /* your_goalsUITests.swift */; };
		D078D1EE285FCB890019C4F0 /* your_goalsUITestsLaunchTests.swift in Sources */ = {isa = PBXBuildFile; fileRef = D078D1ED285FCB890019C4F0 /* your_goalsUITestsLaunchTests.swift */; };
/* End PBXBuildFile section */

/* Begin PBXContainerItemProxy section */
		D078D1DE285FCB890019C4F0 /* PBXContainerItemProxy */ = {
			isa = PBXContainerItemProxy;
			containerPortal = D078D1BC285FCB880019C4F0 /* Project object */;
			proxyType = 1;
			remoteGlobalIDString = D078D1C3285FCB880019C4F0;
			remoteInfo = "your goals";
		};
		D078D1E8285FCB890019C4F0 /* PBXContainerItemProxy */ = {
			isa = PBXContainerItemProxy;
			containerPortal = D078D1BC285FCB880019C4F0 /* Project object */;
			proxyType = 1;
			remoteGlobalIDString = D078D1C3285FCB880019C4F0;
			remoteInfo = "your goals";
		};
/* End PBXContainerItemProxy section */

/* Begin PBXFileReference section */
		D078D1C4285FCB880019C4F0 /* your goals.app */ = {isa = PBXFileReference; explicitFileType = wrapper.application; includeInIndex = 0; path = "your goals.app"; sourceTree = BUILT_PRODUCTS_DIR; };
		D078D1C7285FCB880019C4F0 /* AppDelegate.swift */ = {isa = PBXFileReference; lastKnownFileType = sourcecode.swift; path = AppDelegate.swift; sourceTree = "<group>"; };
		D078D1C9285FCB880019C4F0 /* SceneDelegate.swift */ = {isa = PBXFileReference; lastKnownFileType = sourcecode.swift; path = SceneDelegate.swift; sourceTree = "<group>"; };
		D078D1CB285FCB880019C4F0 /* GoalsViewController.swift */ = {isa = PBXFileReference; lastKnownFileType = sourcecode.swift; path = GoalsViewController.swift; sourceTree = "<group>"; };
		D078D1CE285FCB880019C4F0 /* Base */ = {isa = PBXFileReference; lastKnownFileType = file.storyboard; name = Base; path = Base.lproj/Main.storyboard; sourceTree = "<group>"; };
		D078D1D1285FCB880019C4F0 /* your_goals.xcdatamodel */ = {isa = PBXFileReference; lastKnownFileType = wrapper.xcdatamodel; path = your_goals.xcdatamodel; sourceTree = "<group>"; };
		D078D1D3285FCB890019C4F0 /* Assets.xcassets */ = {isa = PBXFileReference; lastKnownFileType = folder.assetcatalog; path = Assets.xcassets; sourceTree = "<group>"; };
		D078D1D6285FCB890019C4F0 /* Base */ = {isa = PBXFileReference; lastKnownFileType = file.storyboard; name = Base; path = Base.lproj/LaunchScreen.storyboard; sourceTree = "<group>"; };
		D078D1D8285FCB890019C4F0 /* Info.plist */ = {isa = PBXFileReference; lastKnownFileType = text.plist.xml; path = Info.plist; sourceTree = "<group>"; };
		D078D1DD285FCB890019C4F0 /* your goalsTests.xctest */ = {isa = PBXFileReference; explicitFileType = wrapper.cfbundle; includeInIndex = 0; path = "your goalsTests.xctest"; sourceTree = BUILT_PRODUCTS_DIR; };
		D078D1E1285FCB890019C4F0 /* your_goalsTests.swift */ = {isa = PBXFileReference; lastKnownFileType = sourcecode.swift; path = your_goalsTests.swift; sourceTree = "<group>"; };
		D078D1E7285FCB890019C4F0 /* your goalsUITests.xctest */ = {isa = PBXFileReference; explicitFileType = wrapper.cfbundle; includeInIndex = 0; path = "your goalsUITests.xctest"; sourceTree = BUILT_PRODUCTS_DIR; };
		D078D1EB285FCB890019C4F0 /* your_goalsUITests.swift */ = {isa = PBXFileReference; lastKnownFileType = sourcecode.swift; path = your_goalsUITests.swift; sourceTree = "<group>"; };
		D078D1ED285FCB890019C4F0 /* your_goalsUITestsLaunchTests.swift */ = {isa = PBXFileReference; lastKnownFileType = sourcecode.swift; path = your_goalsUITestsLaunchTests.swift; sourceTree = "<group>"; };
/* End PBXFileReference section */

/* Begin PBXFrameworksBuildPhase section */
		D078D1C1285FCB880019C4F0 /* Frameworks */ = {
			isa = PBXFrameworksBuildPhase;
			buildActionMask = 2147483647;
			files = (
			);
			runOnlyForDeploymentPostprocessing = 0;
		};
		D078D1DA285FCB890019C4F0 /* Frameworks */ = {
			isa = PBXFrameworksBuildPhase;
			buildActionMask = 2147483647;
			files = (
			);
			runOnlyForDeploymentPostprocessing = 0;
		};
		D078D1E4285FCB890019C4F0 /* Frameworks */ = {
			isa = PBXFrameworksBuildPhase;
			buildActionMask = 2147483647;
			files = (
			);
			runOnlyForDeploymentPostprocessing = 0;
		};
/* End PBXFrameworksBuildPhase section */

/* Begin PBXGroup section */
		D078D1BB285FCB880019C4F0 = {
			isa = PBXGroup;
			children = (
				D078D1C6285FCB880019C4F0 /* your goals */,
				D078D1E0285FCB890019C4F0 /* your goalsTests */,
				D078D1EA285FCB890019C4F0 /* your goalsUITests */,
				D078D1C5285FCB880019C4F0 /* Products */,
			);
			sourceTree = "<group>";
		};
		D078D1C5285FCB880019C4F0 /* Products */ = {
			isa = PBXGroup;
			children = (
				D078D1C4285FCB880019C4F0 /* your goals.app */,
				D078D1DD285FCB890019C4F0 /* your goalsTests.xctest */,
				D078D1E7285FCB890019C4F0 /* your goalsUITests.xctest */,
			);
			name = Products;
			sourceTree = "<group>";
		};
		D078D1C6285FCB880019C4F0 /* your goals */ = {
			isa = PBXGroup;
			children = (
				D078D1FD285FCBE70019C4F0 /* Extensions */,
				D078D1FC285FCBCF0019C4F0 /* Enums */,
				D078D1FB285FCBB40019C4F0 /* View */,
				D078D1FA285FCBA10019C4F0 /* Controller */,
				D078D1C7285FCB880019C4F0 /* AppDelegate.swift */,
				D078D1C9285FCB880019C4F0 /* SceneDelegate.swift */,
				D078D1CD285FCB880019C4F0 /* Main.storyboard */,
				D078D1D3285FCB890019C4F0 /* Assets.xcassets */,
				D078D1D5285FCB890019C4F0 /* LaunchScreen.storyboard */,
				D078D1D8285FCB890019C4F0 /* Info.plist */,
				D078D1D0285FCB880019C4F0 /* your_goals.xcdatamodeld */,
			);
			path = "your goals";
			sourceTree = "<group>";
		};
		D078D1E0285FCB890019C4F0 /* your goalsTests */ = {
			isa = PBXGroup;
			children = (
				D078D1E1285FCB890019C4F0 /* your_goalsTests.swift */,
			);
			path = "your goalsTests";
			sourceTree = "<group>";
		};
		D078D1EA285FCB890019C4F0 /* your goalsUITests */ = {
			isa = PBXGroup;
			children = (
				D078D1EB285FCB890019C4F0 /* your_goalsUITests.swift */,
				D078D1ED285FCB890019C4F0 /* your_goalsUITestsLaunchTests.swift */,
			);
			path = "your goalsUITests";
			sourceTree = "<group>";
		};
		D078D1FA285FCBA10019C4F0 /* Controller */ = {
			isa = PBXGroup;
			children = (
				D078D1CB285FCB880019C4F0 /* GoalsViewController.swift */,
			);
			path = Controller;
			sourceTree = "<group>";
		};
		D078D1FB285FCBB40019C4F0 /* View */ = {
			isa = PBXGroup;
			children = (
			);
			path = View;
			sourceTree = "<group>";
		};
		D078D1FC285FCBCF0019C4F0 /* Enums */ = {
			isa = PBXGroup;
			children = (
			);
			path = Enums;
			sourceTree = "<group>";
		};
		D078D1FD285FCBE70019C4F0 /* Extensions */ = {
			isa = PBXGroup;
			children = (
			);
			path = Extensions;
			sourceTree = "<group>";
		};
/* End PBXGroup section */

/* Begin PBXNativeTarget section */
		D078D1C3285FCB880019C4F0 /* your goals */ = {
			isa = PBXNativeTarget;
			buildConfigurationList = D078D1F1285FCB890019C4F0 /* Build configuration list for PBXNativeTarget "your goals" */;
			buildPhases = (
				D078D1C0285FCB880019C4F0 /* Sources */,
				D078D1C1285FCB880019C4F0 /* Frameworks */,
				D078D1C2285FCB880019C4F0 /* Resources */,
				D0D77F0528611D0F00114046 /* ShellScript */,
			);
			buildRules = (
			);
			dependencies = (
			);
			name = "your goals";
			productName = "your goals";
			productReference = D078D1C4285FCB880019C4F0 /* your goals.app */;
			productType = "com.apple.product-type.application";
		};
		D078D1DC285FCB890019C4F0 /* your goalsTests */ = {
			isa = PBXNativeTarget;
			buildConfigurationList = D078D1F4285FCB890019C4F0 /* Build configuration list for PBXNativeTarget "your goalsTests" */;
			buildPhases = (
				D078D1D9285FCB890019C4F0 /* Sources */,
				D078D1DA285FCB890019C4F0 /* Frameworks */,
				D078D1DB285FCB890019C4F0 /* Resources */,
			);
			buildRules = (
			);
			dependencies = (
				D078D1DF285FCB890019C4F0 /* PBXTargetDependency */,
			);
			name = "your goalsTests";
			productName = "your goalsTests";
			productReference = D078D1DD285FCB890019C4F0 /* your goalsTests.xctest */;
			productType = "com.apple.product-type.bundle.unit-test";
		};
		D078D1E6285FCB890019C4F0 /* your goalsUITests */ = {
			isa = PBXNativeTarget;
			buildConfigurationList = D078D1F7285FCB890019C4F0 /* Build configuration list for PBXNativeTarget "your goalsUITests" */;
			buildPhases = (
				D078D1E3285FCB890019C4F0 /* Sources */,
				D078D1E4285FCB890019C4F0 /* Frameworks */,
				D078D1E5285FCB890019C4F0 /* Resources */,
			);
			buildRules = (
			);
			dependencies = (
				D078D1E9285FCB890019C4F0 /* PBXTargetDependency */,
			);
			name = "your goalsUITests";
			productName = "your goalsUITests";
			productReference = D078D1E7285FCB890019C4F0 /* your goalsUITests.xctest */;
			productType = "com.apple.product-type.bundle.ui-testing";
		};
/* End PBXNativeTarget section */

/* Begin PBXProject section */
		D078D1BC285FCB880019C4F0 /* Project object */ = {
			isa = PBXProject;
			attributes = {
				BuildIndependentTargetsInParallel = 1;
				LastSwiftUpdateCheck = 1340;
				LastUpgradeCheck = 1340;
				TargetAttributes = {
					D078D1C3285FCB880019C4F0 = {
						CreatedOnToolsVersion = 13.4.1;
					};
					D078D1DC285FCB890019C4F0 = {
						CreatedOnToolsVersion = 13.4.1;
						TestTargetID = D078D1C3285FCB880019C4F0;
					};
					D078D1E6285FCB890019C4F0 = {
						CreatedOnToolsVersion = 13.4.1;
						TestTargetID = D078D1C3285FCB880019C4F0;
					};
				};
			};
			buildConfigurationList = D078D1BF285FCB880019C4F0 /* Build configuration list for PBXProject "your goals" */;
			compatibilityVersion = "Xcode 13.0";
			developmentRegion = en;
			hasScannedForEncodings = 0;
			knownRegions = (
				en,
				Base,
			);
			mainGroup = D078D1BB285FCB880019C4F0;
			productRefGroup = D078D1C5285FCB880019C4F0 /* Products */;
			projectDirPath = "";
			projectRoot = "";
			targets = (
				D078D1C3285FCB880019C4F0 /* your goals */,
				D078D1DC285FCB890019C4F0 /* your goalsTests */,
				D078D1E6285FCB890019C4F0 /* your goalsUITests */,
			);
		};
/* End PBXProject section */

/* Begin PBXResourcesBuildPhase section */
		D078D1C2285FCB880019C4F0 /* Resources */ = {
			isa = PBXResourcesBuildPhase;
			buildActionMask = 2147483647;
			files = (
				D078D1D7285FCB890019C4F0 /* LaunchScreen.storyboard in Resources */,
				D078D1D4285FCB890019C4F0 /* Assets.xcassets in Resources */,
				D078D1CF285FCB880019C4F0 /* Main.storyboard in Resources */,
			);
			runOnlyForDeploymentPostprocessing = 0;
		};
		D078D1DB285FCB890019C4F0 /* Resources */ = {
			isa = PBXResourcesBuildPhase;
			buildActionMask = 2147483647;
			files = (
			);
			runOnlyForDeploymentPostprocessing = 0;
		};
		D078D1E5285FCB890019C4F0 /* Resources */ = {
			isa = PBXResourcesBuildPhase;
			buildActionMask = 2147483647;
			files = (
			);
			runOnlyForDeploymentPostprocessing = 0;
		};
/* End PBXResourcesBuildPhase section */

/* Begin PBXShellScriptBuildPhase section */
		D0D77F0528611D0F00114046 /* ShellScript */ = {
			isa = PBXShellScriptBuildPhase;
			buildActionMask = 8;
			files = (
			);
			inputFileListPaths = (
			);
			inputPaths = (
			);
			outputFileListPaths = (
			);
			outputPaths = (
			);
			runOnlyForDeploymentPostprocessing = 1;
			shellPath = /bin/sh;
			shellScript = "# Type a script or drag a script file from your workspace to insert its path.\nexport PATH=\"$PATH:/opt/homebrew/bin\"\nif which swiftlint > /dev/null; then\n  swiftlint\nelse\n  echo \"warning: SwiftLint not installed, download from https://github.com/realm/SwiftLint\"\nfi\n";
		};
/* End PBXShellScriptBuildPhase section */

/* Begin PBXSourcesBuildPhase section */
		D078D1C0285FCB880019C4F0 /* Sources */ = {
			isa = PBXSourcesBuildPhase;
			buildActionMask = 2147483647;
			files = (
				D078D1CC285FCB880019C4F0 /* GoalsViewController.swift in Sources */,
				D078D1C8285FCB880019C4F0 /* AppDelegate.swift in Sources */,
				D078D1CA285FCB880019C4F0 /* SceneDelegate.swift in Sources */,
				D078D1D2285FCB880019C4F0 /* your_goals.xcdatamodeld in Sources */,
			);
			runOnlyForDeploymentPostprocessing = 0;
		};
		D078D1D9285FCB890019C4F0 /* Sources */ = {
			isa = PBXSourcesBuildPhase;
			buildActionMask = 2147483647;
			files = (
				D078D1E2285FCB890019C4F0 /* your_goalsTests.swift in Sources */,
			);
			runOnlyForDeploymentPostprocessing = 0;
		};
		D078D1E3285FCB890019C4F0 /* Sources */ = {
			isa = PBXSourcesBuildPhase;
			buildActionMask = 2147483647;
			files = (
				D078D1EE285FCB890019C4F0 /* your_goalsUITestsLaunchTests.swift in Sources */,
				D078D1EC285FCB890019C4F0 /* your_goalsUITests.swift in Sources */,
			);
			runOnlyForDeploymentPostprocessing = 0;
		};
/* End PBXSourcesBuildPhase section */

/* Begin PBXTargetDependency section */
		D078D1DF285FCB890019C4F0 /* PBXTargetDependency */ = {
			isa = PBXTargetDependency;
			target = D078D1C3285FCB880019C4F0 /* your goals */;
			targetProxy = D078D1DE285FCB890019C4F0 /* PBXContainerItemProxy */;
		};
		D078D1E9285FCB890019C4F0 /* PBXTargetDependency */ = {
			isa = PBXTargetDependency;
			target = D078D1C3285FCB880019C4F0 /* your goals */;
			targetProxy = D078D1E8285FCB890019C4F0 /* PBXContainerItemProxy */;
		};
/* End PBXTargetDependency section */

/* Begin PBXVariantGroup section */
		D078D1CD285FCB880019C4F0 /* Main.storyboard */ = {
			isa = PBXVariantGroup;
			children = (
				D078D1CE285FCB880019C4F0 /* Base */,
			);
			name = Main.storyboard;
			sourceTree = "<group>";
		};
		D078D1D5285FCB890019C4F0 /* LaunchScreen.storyboard */ = {
			isa = PBXVariantGroup;
			children = (
				D078D1D6285FCB890019C4F0 /* Base */,
			);
			name = LaunchScreen.storyboard;
			sourceTree = "<group>";
		};
/* End PBXVariantGroup section */

/* Begin XCBuildConfiguration section */
		D078D1EF285FCB890019C4F0 /* Debug */ = {
			isa = XCBuildConfiguration;
			buildSettings = {
				ALWAYS_SEARCH_USER_PATHS = NO;
				CLANG_ANALYZER_NONNULL = YES;
				CLANG_ANALYZER_NUMBER_OBJECT_CONVERSION = YES_AGGRESSIVE;
				CLANG_CXX_LANGUAGE_STANDARD = "gnu++17";
				CLANG_ENABLE_MODULES = YES;
				CLANG_ENABLE_OBJC_ARC = YES;
				CLANG_ENABLE_OBJC_WEAK = YES;
				CLANG_WARN_BLOCK_CAPTURE_AUTORELEASING = YES;
				CLANG_WARN_BOOL_CONVERSION = YES;
				CLANG_WARN_COMMA = YES;
				CLANG_WARN_CONSTANT_CONVERSION = YES;
				CLANG_WARN_DEPRECATED_OBJC_IMPLEMENTATIONS = YES;
				CLANG_WARN_DIRECT_OBJC_ISA_USAGE = YES_ERROR;
				CLANG_WARN_DOCUMENTATION_COMMENTS = YES;
				CLANG_WARN_EMPTY_BODY = YES;
				CLANG_WARN_ENUM_CONVERSION = YES;
				CLANG_WARN_INFINITE_RECURSION = YES;
				CLANG_WARN_INT_CONVERSION = YES;
				CLANG_WARN_NON_LITERAL_NULL_CONVERSION = YES;
				CLANG_WARN_OBJC_IMPLICIT_RETAIN_SELF = YES;
				CLANG_WARN_OBJC_LITERAL_CONVERSION = YES;
				CLANG_WARN_OBJC_ROOT_CLASS = YES_ERROR;
				CLANG_WARN_QUOTED_INCLUDE_IN_FRAMEWORK_HEADER = YES;
				CLANG_WARN_RANGE_LOOP_ANALYSIS = YES;
				CLANG_WARN_STRICT_PROTOTYPES = YES;
				CLANG_WARN_SUSPICIOUS_MOVE = YES;
				CLANG_WARN_UNGUARDED_AVAILABILITY = YES_AGGRESSIVE;
				CLANG_WARN_UNREACHABLE_CODE = YES;
				CLANG_WARN__DUPLICATE_METHOD_MATCH = YES;
				COPY_PHASE_STRIP = NO;
				DEBUG_INFORMATION_FORMAT = dwarf;
				ENABLE_STRICT_OBJC_MSGSEND = YES;
				ENABLE_TESTABILITY = YES;
				GCC_C_LANGUAGE_STANDARD = gnu11;
				GCC_DYNAMIC_NO_PIC = NO;
				GCC_NO_COMMON_BLOCKS = YES;
				GCC_OPTIMIZATION_LEVEL = 0;
				GCC_PREPROCESSOR_DEFINITIONS = (
					"DEBUG=1",
					"$(inherited)",
				);
				GCC_WARN_64_TO_32_BIT_CONVERSION = YES;
				GCC_WARN_ABOUT_RETURN_TYPE = YES_ERROR;
				GCC_WARN_UNDECLARED_SELECTOR = YES;
				GCC_WARN_UNINITIALIZED_AUTOS = YES_AGGRESSIVE;
				GCC_WARN_UNUSED_FUNCTION = YES;
				GCC_WARN_UNUSED_VARIABLE = YES;
				IPHONEOS_DEPLOYMENT_TARGET = 15.5;
				MTL_ENABLE_DEBUG_INFO = INCLUDE_SOURCE;
				MTL_FAST_MATH = YES;
				ONLY_ACTIVE_ARCH = YES;
				SDKROOT = iphoneos;
				SWIFT_ACTIVE_COMPILATION_CONDITIONS = DEBUG;
				SWIFT_OPTIMIZATION_LEVEL = "-Onone";
			};
			name = Debug;
		};
		D078D1F0285FCB890019C4F0 /* Release */ = {
			isa = XCBuildConfiguration;
			buildSettings = {
				ALWAYS_SEARCH_USER_PATHS = NO;
				CLANG_ANALYZER_NONNULL = YES;
				CLANG_ANALYZER_NUMBER_OBJECT_CONVERSION = YES_AGGRESSIVE;
				CLANG_CXX_LANGUAGE_STANDARD = "gnu++17";
				CLANG_ENABLE_MODULES = YES;
				CLANG_ENABLE_OBJC_ARC = YES;
				CLANG_ENABLE_OBJC_WEAK = YES;
				CLANG_WARN_BLOCK_CAPTURE_AUTORELEASING = YES;
				CLANG_WARN_BOOL_CONVERSION = YES;
				CLANG_WARN_COMMA = YES;
				CLANG_WARN_CONSTANT_CONVERSION = YES;
				CLANG_WARN_DEPRECATED_OBJC_IMPLEMENTATIONS = YES;
				CLANG_WARN_DIRECT_OBJC_ISA_USAGE = YES_ERROR;
				CLANG_WARN_DOCUMENTATION_COMMENTS = YES;
				CLANG_WARN_EMPTY_BODY = YES;
				CLANG_WARN_ENUM_CONVERSION = YES;
				CLANG_WARN_INFINITE_RECURSION = YES;
				CLANG_WARN_INT_CONVERSION = YES;
				CLANG_WARN_NON_LITERAL_NULL_CONVERSION = YES;
				CLANG_WARN_OBJC_IMPLICIT_RETAIN_SELF = YES;
				CLANG_WARN_OBJC_LITERAL_CONVERSION = YES;
				CLANG_WARN_OBJC_ROOT_CLASS = YES_ERROR;
				CLANG_WARN_QUOTED_INCLUDE_IN_FRAMEWORK_HEADER = YES;
				CLANG_WARN_RANGE_LOOP_ANALYSIS = YES;
				CLANG_WARN_STRICT_PROTOTYPES = YES;
				CLANG_WARN_SUSPICIOUS_MOVE = YES;
				CLANG_WARN_UNGUARDED_AVAILABILITY = YES_AGGRESSIVE;
				CLANG_WARN_UNREACHABLE_CODE = YES;
				CLANG_WARN__DUPLICATE_METHOD_MATCH = YES;
				COPY_PHASE_STRIP = NO;
				DEBUG_INFORMATION_FORMAT = "dwarf-with-dsym";
				ENABLE_NS_ASSERTIONS = NO;
				ENABLE_STRICT_OBJC_MSGSEND = YES;
				GCC_C_LANGUAGE_STANDARD = gnu11;
				GCC_NO_COMMON_BLOCKS = YES;
				GCC_WARN_64_TO_32_BIT_CONVERSION = YES;
				GCC_WARN_ABOUT_RETURN_TYPE = YES_ERROR;
				GCC_WARN_UNDECLARED_SELECTOR = YES;
				GCC_WARN_UNINITIALIZED_AUTOS = YES_AGGRESSIVE;
				GCC_WARN_UNUSED_FUNCTION = YES;
				GCC_WARN_UNUSED_VARIABLE = YES;
				IPHONEOS_DEPLOYMENT_TARGET = 15.5;
				MTL_ENABLE_DEBUG_INFO = NO;
				MTL_FAST_MATH = YES;
				SDKROOT = iphoneos;
				SWIFT_COMPILATION_MODE = wholemodule;
				SWIFT_OPTIMIZATION_LEVEL = "-O";
				VALIDATE_PRODUCT = YES;
			};
			name = Release;
		};
		D078D1F2285FCB890019C4F0 /* Debug */ = {
			isa = XCBuildConfiguration;
			buildSettings = {
				ASSETCATALOG_COMPILER_APPICON_NAME = AppIcon;
				ASSETCATALOG_COMPILER_GLOBAL_ACCENT_COLOR_NAME = AccentColor;
				CODE_SIGN_STYLE = Automatic;
				CURRENT_PROJECT_VERSION = 1;
				DEVELOPMENT_TEAM = P569KTXYRS;
				GENERATE_INFOPLIST_FILE = YES;
				INFOPLIST_FILE = "your goals/Info.plist";
				INFOPLIST_KEY_UIApplicationSupportsIndirectInputEvents = YES;
				INFOPLIST_KEY_UILaunchStoryboardName = LaunchScreen;
				INFOPLIST_KEY_UIMainStoryboardFile = Main;
				INFOPLIST_KEY_UISupportedInterfaceOrientations_iPad = "UIInterfaceOrientationPortrait UIInterfaceOrientationPortraitUpsideDown UIInterfaceOrientationLandscapeLeft UIInterfaceOrientationLandscapeRight";
				INFOPLIST_KEY_UISupportedInterfaceOrientations_iPhone = "UIInterfaceOrientationPortrait UIInterfaceOrientationLandscapeLeft UIInterfaceOrientationLandscapeRight";
				LD_RUNPATH_SEARCH_PATHS = (
					"$(inherited)",
					"@executable_path/Frameworks",
				);
				MARKETING_VERSION = 1.0;
				PRODUCT_BUNDLE_IDENTIFIER = "amjad.oudeh88-gmail.com.your-goals";
				PRODUCT_NAME = "$(TARGET_NAME)";
				SWIFT_EMIT_LOC_STRINGS = YES;
				SWIFT_VERSION = 5.0;
				TARGETED_DEVICE_FAMILY = "1,2";
			};
			name = Debug;
		};
		D078D1F3285FCB890019C4F0 /* Release */ = {
			isa = XCBuildConfiguration;
			buildSettings = {
				ASSETCATALOG_COMPILER_APPICON_NAME = AppIcon;
				ASSETCATALOG_COMPILER_GLOBAL_ACCENT_COLOR_NAME = AccentColor;
				CODE_SIGN_STYLE = Automatic;
				CURRENT_PROJECT_VERSION = 1;
				DEVELOPMENT_TEAM = P569KTXYRS;
				GENERATE_INFOPLIST_FILE = YES;
				INFOPLIST_FILE = "your goals/Info.plist";
				INFOPLIST_KEY_UIApplicationSupportsIndirectInputEvents = YES;
				INFOPLIST_KEY_UILaunchStoryboardName = LaunchScreen;
				INFOPLIST_KEY_UIMainStoryboardFile = Main;
				INFOPLIST_KEY_UISupportedInterfaceOrientations_iPad = "UIInterfaceOrientationPortrait UIInterfaceOrientationPortraitUpsideDown UIInterfaceOrientationLandscapeLeft UIInterfaceOrientationLandscapeRight";
				INFOPLIST_KEY_UISupportedInterfaceOrientations_iPhone = "UIInterfaceOrientationPortrait UIInterfaceOrientationLandscapeLeft UIInterfaceOrientationLandscapeRight";
				LD_RUNPATH_SEARCH_PATHS = (
					"$(inherited)",
					"@executable_path/Frameworks",
				);
				MARKETING_VERSION = 1.0;
				PRODUCT_BUNDLE_IDENTIFIER = "amjad.oudeh88-gmail.com.your-goals";
				PRODUCT_NAME = "$(TARGET_NAME)";
				SWIFT_EMIT_LOC_STRINGS = YES;
				SWIFT_VERSION = 5.0;
				TARGETED_DEVICE_FAMILY = "1,2";
			};
			name = Release;
		};
		D078D1F5285FCB890019C4F0 /* Debug */ = {
			isa = XCBuildConfiguration;
			buildSettings = {
				ALWAYS_EMBED_SWIFT_STANDARD_LIBRARIES = YES;
				BUNDLE_LOADER = "$(TEST_HOST)";
				CODE_SIGN_STYLE = Automatic;
				CURRENT_PROJECT_VERSION = 1;
				DEVELOPMENT_TEAM = P569KTXYRS;
				GENERATE_INFOPLIST_FILE = YES;
				IPHONEOS_DEPLOYMENT_TARGET = 15.5;
				MARKETING_VERSION = 1.0;
				PRODUCT_BUNDLE_IDENTIFIER = "amjad.oudeh88-gmail.com.your-goalsTests";
				PRODUCT_NAME = "$(TARGET_NAME)";
				SWIFT_EMIT_LOC_STRINGS = NO;
				SWIFT_VERSION = 5.0;
				TARGETED_DEVICE_FAMILY = "1,2";
				TEST_HOST = "$(BUILT_PRODUCTS_DIR)/your goals.app/your goals";
			};
			name = Debug;
		};
		D078D1F6285FCB890019C4F0 /* Release */ = {
			isa = XCBuildConfiguration;
			buildSettings = {
				ALWAYS_EMBED_SWIFT_STANDARD_LIBRARIES = YES;
				BUNDLE_LOADER = "$(TEST_HOST)";
				CODE_SIGN_STYLE = Automatic;
				CURRENT_PROJECT_VERSION = 1;
				DEVELOPMENT_TEAM = P569KTXYRS;
				GENERATE_INFOPLIST_FILE = YES;
				IPHONEOS_DEPLOYMENT_TARGET = 15.5;
				MARKETING_VERSION = 1.0;
				PRODUCT_BUNDLE_IDENTIFIER = "amjad.oudeh88-gmail.com.your-goalsTests";
				PRODUCT_NAME = "$(TARGET_NAME)";
				SWIFT_EMIT_LOC_STRINGS = NO;
				SWIFT_VERSION = 5.0;
				TARGETED_DEVICE_FAMILY = "1,2";
				TEST_HOST = "$(BUILT_PRODUCTS_DIR)/your goals.app/your goals";
			};
			name = Release;
		};
		D078D1F8285FCB890019C4F0 /* Debug */ = {
			isa = XCBuildConfiguration;
			buildSettings = {
				ALWAYS_EMBED_SWIFT_STANDARD_LIBRARIES = YES;
				CODE_SIGN_STYLE = Automatic;
				CURRENT_PROJECT_VERSION = 1;
				DEVELOPMENT_TEAM = P569KTXYRS;
				GENERATE_INFOPLIST_FILE = YES;
				MARKETING_VERSION = 1.0;
				PRODUCT_BUNDLE_IDENTIFIER = "amjad.oudeh88-gmail.com.your-goalsUITests";
				PRODUCT_NAME = "$(TARGET_NAME)";
				SWIFT_EMIT_LOC_STRINGS = NO;
				SWIFT_VERSION = 5.0;
				TARGETED_DEVICE_FAMILY = "1,2";
				TEST_TARGET_NAME = "your goals";
			};
			name = Debug;
		};
		D078D1F9285FCB890019C4F0 /* Release */ = {
			isa = XCBuildConfiguration;
			buildSettings = {
				ALWAYS_EMBED_SWIFT_STANDARD_LIBRARIES = YES;
				CODE_SIGN_STYLE = Automatic;
				CURRENT_PROJECT_VERSION = 1;
				DEVELOPMENT_TEAM = P569KTXYRS;
				GENERATE_INFOPLIST_FILE = YES;
				MARKETING_VERSION = 1.0;
				PRODUCT_BUNDLE_IDENTIFIER = "amjad.oudeh88-gmail.com.your-goalsUITests";
				PRODUCT_NAME = "$(TARGET_NAME)";
				SWIFT_EMIT_LOC_STRINGS = NO;
				SWIFT_VERSION = 5.0;
				TARGETED_DEVICE_FAMILY = "1,2";
				TEST_TARGET_NAME = "your goals";
			};
			name = Release;
		};
/* End XCBuildConfiguration section */

/* Begin XCConfigurationList section */
		D078D1BF285FCB880019C4F0 /* Build configuration list for PBXProject "your goals" */ = {
			isa = XCConfigurationList;
			buildConfigurations = (
				D078D1EF285FCB890019C4F0 /* Debug */,
				D078D1F0285FCB890019C4F0 /* Release */,
			);
			defaultConfigurationIsVisible = 0;
			defaultConfigurationName = Release;
		};
		D078D1F1285FCB890019C4F0 /* Build configuration list for PBXNativeTarget "your goals" */ = {
			isa = XCConfigurationList;
			buildConfigurations = (
				D078D1F2285FCB890019C4F0 /* Debug */,
				D078D1F3285FCB890019C4F0 /* Release */,
			);
			defaultConfigurationIsVisible = 0;
			defaultConfigurationName = Release;
		};
		D078D1F4285FCB890019C4F0 /* Build configuration list for PBXNativeTarget "your goalsTests" */ = {
			isa = XCConfigurationList;
			buildConfigurations = (
				D078D1F5285FCB890019C4F0 /* Debug */,
				D078D1F6285FCB890019C4F0 /* Release */,
			);
			defaultConfigurationIsVisible = 0;
			defaultConfigurationName = Release;
		};
		D078D1F7285FCB890019C4F0 /* Build configuration list for PBXNativeTarget "your goalsUITests" */ = {
			isa = XCConfigurationList;
			buildConfigurations = (
				D078D1F8285FCB890019C4F0 /* Debug */,
				D078D1F9285FCB890019C4F0 /* Release */,
			);
			defaultConfigurationIsVisible = 0;
			defaultConfigurationName = Release;
		};
/* End XCConfigurationList section */

/* Begin XCVersionGroup section */
		D078D1D0285FCB880019C4F0 /* your_goals.xcdatamodeld */ = {
			isa = XCVersionGroup;
			children = (
				D078D1D1285FCB880019C4F0 /* your_goals.xcdatamodel */,
			);
			currentVersion = D078D1D1285FCB880019C4F0 /* your_goals.xcdatamodel */;
			path = your_goals.xcdatamodeld;
			sourceTree = "<group>";
			versionGroupType = wrapper.xcdatamodel;
		};
/* End XCVersionGroup section */
	};
	rootObject = D078D1BC285FCB880019C4F0 /* Project object */;
}
